
Microsoft Visual Studio Solution File, Format Version 12.00
# Visual Studio Version 16
VisualStudioVersion = 16.0.29324.140
MinimumVisualStudioVersion = 10.0.40219.1
Project("{FAE04EC0-301F-11D3-BF4B-00C04F79EFBC}") = "SimpleLog", "SimpleLog\SimpleLog.csproj", "{33BE3902-950E-4BA2-B8A2-7C398D7ACFF5}"
EndProject
Global
	GlobalSection(SolutionConfigurationPlatforms) = preSolution
		Debug|Any CPU = Debug|Any CPU
		Release|Any CPU = Release|Any CPU
	EndGlobalSection
	GlobalSection(ProjectConfigurationPlatforms) = postSolution
		{33BE3902-950E-4BA2-B8A2-7C398D7ACFF5}.Debug|Any CPU.ActiveCfg = Debug|Any CPU
		{33BE3902-950E-4BA2-B8A2-7C398D7ACFF5}.Debug|Any CPU.Build.0 = Debug|Any CPU
		{33BE3902-950E-4BA2-B8A2-7C398D7ACFF5}.Release|Any CPU.ActiveCfg = Release|Any CPU
		{33BE3902-950E-4BA2-B8A2-7C398D7ACFF5}.Release|Any CPU.Build.0 = Release|Any CPU
	EndGlobalSection
	GlobalSection(SolutionProperties) = preSolution
		HideSolutionNode = FALSE
	EndGlobalSection
	GlobalSection(ExtensibilityGlobals) = postSolution
		SolutionGuid = {049016F6-30B2-4AFD-BA26-8F405D9E3240}
	EndGlobalSection
EndGlobal
